
Microsoft Visual Studio Solution File, Format Version 12.00
# Visual Studio Version 17
VisualStudioVersion = 17.13.35818.85 d17.13
MinimumVisualStudioVersion = 10.0.40219.1
Project("{FAE04EC0-301F-11D3-BF4B-00C04F79EFBC}") = "LibAuto_CleanArch", "LibAuto_CleanArch\LibAuto_CleanArch.csproj", "{54EBA2A0-3F2C-4DFE-9BC6-E6C20F09681E}"
EndProject
Global
	GlobalSection(SolutionConfigurationPlatforms) = preSolution
		Debug|Any CPU = Debug|Any CPU
		Release|Any CPU = Release|Any CPU
	EndGlobalSection
	GlobalSection(ProjectConfigurationPlatforms) = postSolution
		{54EBA2A0-3F2C-4DFE-9BC6-E6C20F09681E}.Debug|Any CPU.ActiveCfg = Debug|Any CPU
		{54EBA2A0-3F2C-4DFE-9BC6-E6C20F09681E}.Debug|Any CPU.Build.0 = Debug|Any CPU
		{54EBA2A0-3F2C-4DFE-9BC6-E6C20F09681E}.Release|Any CPU.ActiveCfg = Release|Any CPU
		{54EBA2A0-3F2C-4DFE-9BC6-E6C20F09681E}.Release|Any CPU.Build.0 = Release|Any CPU
	EndGlobalSection
	GlobalSection(SolutionProperties) = preSolution
		HideSolutionNode = FALSE
	EndGlobalSection
	GlobalSection(ExtensibilityGlobals) = postSolution
		SolutionGuid = {D4D1C02B-A1AA-40D1-95AF-59A8C70E2FE5}
	EndGlobalSection
EndGlobal
